{
  "version": "3",
  "packages": {
    "specifiers": {
      "npm:@types/diff": "npm:@types/diff@5.0.7",
      "npm:diff": "npm:diff@5.1.0"
    },
    "npm": {
      "@types/diff@5.0.7": {
        "integrity": "sha512-adBosR2GntaQQiuHnfRN9HtxYpoHHJBcdyz7VSXhjpSAmtvIfu/S1fjTqwuIx/Ypba6LCZdfWIqPYx2BR5TneQ==",
        "dependencies": {}
      },
      "diff@5.1.0": {
        "integrity": "sha512-D+mk+qE8VC/PAUrlAU34N+VfXev0ghe5ywmpqrawphmVZc1bEfn56uo9qpyGp1p4xpzOHkSW4ztBd6L7Xx4ACw==",
        "dependencies": {}
      }
    }
  },
  "remote": {}
}
